--- 
dependencies: 
  title_estuary: 
    group: 
    - :default
    version: ">= 0"
  fancy-buttons: 
    group: 
    - :default
    version: ">= 0"
  compass: 
    group: 
    - :default
    version: ">= 0.10.0.rc1"
  compass-colors: 
    group: 
    - :default
    version: ">= 0"
  show_for: 
    group: 
    - :default
    version: ">= 0.2.0"
  acts_as_list: 
    group: 
    - :default
    version: ">= 0"
  mongrel: 
    group: 
    - :development
    version: ">= 0"
    require: []

  rails: 
    group: 
    - :default
    version: = 3.0.0.beta
  haml: 
    group: 
    - :default
    version: ">= 0"
  mysql: 
    group: 
    - :default
    version: ">= 0"
  shoulda: 
    group: 
    - :test
    version: ">= 0"
    require: []

  addresslogic: 
    group: 
    - :default
    version: ">= 0"
  forgery: 
    group: 
    - :default
    version: ">= 0"
  inherited_resources: 
    group: 
    - :default
    version: ">= 1.1.0"
  rails3-generators: 
    group: 
    - :default
    version: ">= 0"
  geokit: 
    group: 
    - :default
    version: ">= 0"
  formtastic: 
    group: 
    - :default
    version: ">= 0"
  jammit: 
    group: 
    - :default
    version: ">= 0"
    require: 
    - jammit
    - jammit/helper
  will_paginate: 
    group: 
    - :default
    version: ">= 3.0.pre"
  state_machine: 
    group: 
    - :default
    version: ">= 0"
  redgreen: 
    group: 
    - :test
    version: ">= 0"
    require: []

  responders: 
    group: 
    - :default
    version: ">= 0.5.4"
  compass-960-plugin: 
    group: 
    - :default
    version: ">= 0"
  rpx_now: 
    group: 
    - :default
    version: ">= 0"
  namxam-carmen: 
    group: 
    - :default
    version: ">= 0"
    require: 
    - carmen
    - carmen/action_view_helpers
  ruby-googlechart: 
    group: 
    - :default
    version: ">= 0"
    require: 
    - google_chart
  validation_reflection: 
    group: 
    - :default
    version: ">= 0"
  hominid: 
    group: 
    - :default
    version: ">= 0"
specs: 
- rake: 
    version: 0.8.7
- acts_as_list: 
    version: 0.2.0
    source: 3
- compass-colors: 
    version: 0.3.1
- activeresource: 
    version: 3.0.0.beta
- compass: 
    version: 0.10.0.rc1
- fancy-buttons: 
    version: 0.4.1
- title_estuary: 
    version: 1.2.0
- show_for: 
    version: 0.2.0
    source: 1
- tzinfo: 
    version: 0.3.17
- mongrel: 
    version: 1.1.5
- text-format: 
    version: 1.0.0
- rails: 
    version: 3.0.0.beta
- activerecord: 
    version: 3.0.0.beta
- fastthread: 
    version: 1.0.7
- closure-compiler: 
    version: 0.2.0
- memcache-client: 
    version: 1.7.8
- mysql: 
    version: 2.8.1
- haml: 
    version: 2.2.22
- forgery: 
    version: 0.3.0
- railties: 
    version: 3.0.0.beta
- shoulda: 
    version: 2.10.3
    source: 5
- addresslogic: 
    version: 1.2.1
- thor: 
    version: 0.13.4
- mime-types: 
    version: "1.16"
- inherited_resources: 
    version: 1.1.0
- abstract: 
    version: 1.0.0
- rack-mount: 
    version: 0.4.7
- activemodel: 
    version: 3.0.0.beta
- geokit: 
    version: 1.5.0
- formtastic: 
    version: 0.9.7
- yui-compressor: 
    version: 0.9.1
- gem_plugin: 
    version: 0.2.3
- cgi_multipart_eof_fix: 
    version: 2.5.0
- rack: 
    version: 1.1.0
- rails3-generators: 
    version: 0.5.0
- mail: 
    version: 2.1.3
- has_scope: 
    version: 0.4.2
- erubis: 
    version: 2.6.5
- arel: 
    version: 0.2.1
- will_paginate: 
    version: 3.0.pre
- jammit: 
    version: 0.5.0
    source: 4
- POpen4: 
    version: 0.1.4
- bundler: 
    version: 0.9.13
- redgreen: 
    version: 1.2.2
- state_machine: 
    version: 0.8.1
- daemons: 
    version: 1.0.10
- actionmailer: 
    version: 3.0.0.beta
- actionpack: 
    version: 3.0.0.beta
- responders: 
    version: 0.5.4
- compass-960-plugin: 
    version: 0.9.11
- rack-test: 
    version: 0.5.3
- rpx_now: 
    version: 0.6.17
- i18n: 
    version: 0.3.6
- json_pure: 
    version: 1.2.3
- namxam-carmen: 
    version: 0.1.3
    source: 2
- ruby-googlechart: 
    version: 0.6.4
- activesupport: 
    version: 3.0.0.beta
- builder: 
    version: 2.1.2
- text-hyphen: 
    version: 1.0.0
- validation_reflection: 
    version: 0.3.6
- hominid: 
    version: 2.1.0
- open4: 
    version: 1.0.1
- Platform: 
    version: 0.4.0
hash: 7d4aa080529698c91d96533ec472b8563a8c4424
sources: 
- Rubygems: 
    uri: http://gemcutter.org
- Git: 
    uri: git://github.com/Sutto/show_for.git
    ref: 66b637e1ca7c3e402eaf05b927d2de778adb38ce
- Git: 
    uri: git://github.com/Sutto/carmen.git
    ref: 6d5f1a3ef75fc10792b90870b720855d57ab0896
- Git: 
    uri: git://github.com/nono/acts_as_list.git
    ref: f5273267c59eb41c88332da9271f130cad20d562
- Git: 
    uri: git://github.com/railsjedi/jammit.git
    ref: a004d37d652eeb225a3dfc79bf85305c80aabfeb
- Git: 
    uri: git://github.com/adamhunter/shoulda.git
    ref: 94671d3c1ea1ddf8b322dc24dd50d713c1eb9052
